// !$*UTF8*$!
{
	archiveVersion = 1;
	classes = {
	};
	objectVersion = 56;
	objects = {

/* Begin PBXBuildFile section */
		180D43182A739B1800F97700 /* NewMatchesTVC.swift in Sources */ = {isa = PBXBuildFile; fileRef = 180D43172A739B1800F97700 /* NewMatchesTVC.swift */; };
		180D431B2A739B4300F97700 /* NewMatchesCVC.swift in Sources */ = {isa = PBXBuildFile; fileRef = 180D431A2A739B4300F97700 /* NewMatchesCVC.swift */; };
		180D431D2A739C4000F97700 /* AllMessagesTVC.swift in Sources */ = {isa = PBXBuildFile; fileRef = 180D431C2A739C4000F97700 /* AllMessagesTVC.swift */; };
		180D43212A73A0E300F97700 /* PlanSubscriptionVC.swift in Sources */ = {isa = PBXBuildFile; fileRef = 180D43202A73A0E300F97700 /* PlanSubscriptionVC.swift */; };
		180D43242A73A17F00F97700 /* AllPlanTVC.swift in Sources */ = {isa = PBXBuildFile; fileRef = 180D43232A73A17F00F97700 /* AllPlanTVC.swift */; };
		180D43262A73A29E00F97700 /* SettingsVC.swift in Sources */ = {isa = PBXBuildFile; fileRef = 180D43252A73A29E00F97700 /* SettingsVC.swift */; };
		180D43292A73A32500F97700 /* SettingsTVC.swift in Sources */ = {isa = PBXBuildFile; fileRef = 180D43282A73A32500F97700 /* SettingsTVC.swift */; };
		180D432B2A73A54000F97700 /* DatingMatchesVC.swift in Sources */ = {isa = PBXBuildFile; fileRef = 180D432A2A73A54000F97700 /* DatingMatchesVC.swift */; };
		180D432E2A73A5B700F97700 /* MatchesListTVC.swift in Sources */ = {isa = PBXBuildFile; fileRef = 180D432D2A73A5B700F97700 /* MatchesListTVC.swift */; };
		180D43302A73A7B400F97700 /* NotificationsVC.swift in Sources */ = {isa = PBXBuildFile; fileRef = 180D432F2A73A7B400F97700 /* NotificationsVC.swift */; };
		180D43332A73A7D400F97700 /* NotificationsTVC.swift in Sources */ = {isa = PBXBuildFile; fileRef = 180D43322A73A7D400F97700 /* NotificationsTVC.swift */; };
		1817651D2A7187EE006986E1 /* BioTVC.swift in Sources */ = {isa = PBXBuildFile; fileRef = 1817651C2A7187EE006986E1 /* BioTVC.swift */; };
		1817651F2A718862006986E1 /* BioCVC.swift in Sources */ = {isa = PBXBuildFile; fileRef = 1817651E2A718862006986E1 /* BioCVC.swift */; };
		181765212A718884006986E1 /* InterestsCVC.swift in Sources */ = {isa = PBXBuildFile; fileRef = 181765202A718884006986E1 /* InterestsCVC.swift */; };
		181765232A7188C3006986E1 /* InterestsTVC.swift in Sources */ = {isa = PBXBuildFile; fileRef = 181765222A7188C3006986E1 /* InterestsTVC.swift */; };
		181ED05A2A6A69E6004CE823 /* LocationVC.swift in Sources */ = {isa = PBXBuildFile; fileRef = 181ED0592A6A69E6004CE823 /* LocationVC.swift */; };
		181ED05C2A6AAE36004CE823 /* MapVC.swift in Sources */ = {isa = PBXBuildFile; fileRef = 181ED05B2A6AAE36004CE823 /* MapVC.swift */; };
		18333A4B2A6F9C30005123F2 /* Date.swift in Sources */ = {isa = PBXBuildFile; fileRef = 18333A272A6F9C2F005123F2 /* Date.swift */; };
		18333A4C2A6F9C30005123F2 /* UIView.swift in Sources */ = {isa = PBXBuildFile; fileRef = 18333A282A6F9C2F005123F2 /* UIView.swift */; };
		18333A4F2A6F9C30005123F2 /* Data.swift in Sources */ = {isa = PBXBuildFile; fileRef = 18333A2B2A6F9C2F005123F2 /* Data.swift */; };
		18333A502A6F9C30005123F2 /* UIColor.swift in Sources */ = {isa = PBXBuildFile; fileRef = 18333A2C2A6F9C2F005123F2 /* UIColor.swift */; };
		18333A522A6F9C30005123F2 /* Threading.swift in Sources */ = {isa = PBXBuildFile; fileRef = 18333A2E2A6F9C2F005123F2 /* Threading.swift */; };
		18333A532A6F9C30005123F2 /* PropertWrapper.swift in Sources */ = {isa = PBXBuildFile; fileRef = 18333A2F2A6F9C2F005123F2 /* PropertWrapper.swift */; };
		18333A552A6F9C30005123F2 /* ImagePicker.swift in Sources */ = {isa = PBXBuildFile; fileRef = 18333A312A6F9C2F005123F2 /* ImagePicker.swift */; };
		18333A562A6F9C30005123F2 /* UICollectionView.swift in Sources */ = {isa = PBXBuildFile; fileRef = 18333A322A6F9C2F005123F2 /* UICollectionView.swift */; };
		18333A572A6F9C30005123F2 /* NSMutableAttributedString.swift in Sources */ = {isa = PBXBuildFile; fileRef = 18333A332A6F9C2F005123F2 /* NSMutableAttributedString.swift */; };
		18333A582A6F9C30005123F2 /* Int.swift in Sources */ = {isa = PBXBuildFile; fileRef = 18333A342A6F9C2F005123F2 /* Int.swift */; };
		18333A592A6F9C30005123F2 /* UITableView.swift in Sources */ = {isa = PBXBuildFile; fileRef = 18333A352A6F9C2F005123F2 /* UITableView.swift */; };
		18333A5A2A6F9C30005123F2 /* UIDevice.swift in Sources */ = {isa = PBXBuildFile; fileRef = 18333A362A6F9C2F005123F2 /* UIDevice.swift */; };
		18333A5B2A6F9C30005123F2 /* CodingUserInfoKey.swift in Sources */ = {isa = PBXBuildFile; fileRef = 18333A372A6F9C2F005123F2 /* CodingUserInfoKey.swift */; };
		18333A5C2A6F9C30005123F2 /* UITextField.swift in Sources */ = {isa = PBXBuildFile; fileRef = 18333A382A6F9C2F005123F2 /* UITextField.swift */; };
		18333A5D2A6F9C30005123F2 /* UIDatePicker.swift in Sources */ = {isa = PBXBuildFile; fileRef = 18333A392A6F9C2F005123F2 /* UIDatePicker.swift */; };
		18333A5E2A6F9C30005123F2 /* Dictionary.swift in Sources */ = {isa = PBXBuildFile; fileRef = 18333A3A2A6F9C2F005123F2 /* Dictionary.swift */; };
		18333A5F2A6F9C30005123F2 /* String.swift in Sources */ = {isa = PBXBuildFile; fileRef = 18333A3B2A6F9C2F005123F2 /* String.swift */; };
		18333A602A6F9C30005123F2 /* UIButton.swift in Sources */ = {isa = PBXBuildFile; fileRef = 18333A3C2A6F9C2F005123F2 /* UIButton.swift */; };
		18333A612A6F9C30005123F2 /* UIImage.swift in Sources */ = {isa = PBXBuildFile; fileRef = 18333A3D2A6F9C2F005123F2 /* UIImage.swift */; };
		18333A622A6F9C30005123F2 /* UIViewController.swift in Sources */ = {isa = PBXBuildFile; fileRef = 18333A3E2A6F9C2F005123F2 /* UIViewController.swift */; };
		18333A652A6F9C30005123F2 /* UIImageView.swift in Sources */ = {isa = PBXBuildFile; fileRef = 18333A412A6F9C2F005123F2 /* UIImageView.swift */; };
		18333A662A6F9C30005123F2 /* CGFloat.swift in Sources */ = {isa = PBXBuildFile; fileRef = 18333A422A6F9C2F005123F2 /* CGFloat.swift */; };
		18333A672A6F9C30005123F2 /* Double.swift in Sources */ = {isa = PBXBuildFile; fileRef = 18333A432A6F9C2F005123F2 /* Double.swift */; };
		18333A682A6F9C30005123F2 /* UIFont.swift in Sources */ = {isa = PBXBuildFile; fileRef = 18333A442A6F9C2F005123F2 /* UIFont.swift */; };
		18333A692A6F9C30005123F2 /* UILabel.swift in Sources */ = {isa = PBXBuildFile; fileRef = 18333A452A6F9C2F005123F2 /* UILabel.swift */; };
		18333A6A2A6F9C30005123F2 /* Optional.swift in Sources */ = {isa = PBXBuildFile; fileRef = 18333A462A6F9C2F005123F2 /* Optional.swift */; };
		18333A6D2A6F9C30005123F2 /* Float.swift in Sources */ = {isa = PBXBuildFile; fileRef = 18333A492A6F9C2F005123F2 /* Float.swift */; };
		1853E5602A6829F700D86D3C /* LikeInterestCVC.swift in Sources */ = {isa = PBXBuildFile; fileRef = 1853E55F2A6829F700D86D3C /* LikeInterestCVC.swift */; };
		1853E5632A682A3800D86D3C /* LikeInterestVC.swift in Sources */ = {isa = PBXBuildFile; fileRef = 1853E5622A682A3800D86D3C /* LikeInterestVC.swift */; };
		1864CF822A691E53001BCB38 /* OTPVerificationVC.swift in Sources */ = {isa = PBXBuildFile; fileRef = 1864CF812A691E53001BCB38 /* OTPVerificationVC.swift */; };
		1864D8DC2A693C6300553295 /* LoginVC.swift in Sources */ = {isa = PBXBuildFile; fileRef = 1864D8DB2A693C6300553295 /* LoginVC.swift */; };
		189F87B02A73D60A00B70CB2 /* PlanDatingVC.swift in Sources */ = {isa = PBXBuildFile; fileRef = 189F87AF2A73D60A00B70CB2 /* PlanDatingVC.swift */; };
		189F87B32A73D62700B70CB2 /* PlanDatingTVC.swift in Sources */ = {isa = PBXBuildFile; fileRef = 189F87B22A73D62700B70CB2 /* PlanDatingTVC.swift */; };
		18B3A9BA2A6FACD400EC8FFD /* StoriesTVC.swift in Sources */ = {isa = PBXBuildFile; fileRef = 18B3A9B92A6FACD400EC8FFD /* StoriesTVC.swift */; };
		18B3A9BE2A6FAD9300EC8FFD /* ButtonsTVC.swift in Sources */ = {isa = PBXBuildFile; fileRef = 18B3A9BD2A6FAD9300EC8FFD /* ButtonsTVC.swift */; };
		18B3A9C02A6FADD700EC8FFD /* OnlineSuggestionsTVC.swift in Sources */ = {isa = PBXBuildFile; fileRef = 18B3A9BF2A6FADD700EC8FFD /* OnlineSuggestionsTVC.swift */; };
		18B3A9C32A6FAEE500EC8FFD /* StoriesCVC.swift in Sources */ = {isa = PBXBuildFile; fileRef = 18B3A9C22A6FAEE500EC8FFD /* StoriesCVC.swift */; };
		18B3A9C52A6FAF1E00EC8FFD /* OnlineSuggestionsCVC.swift in Sources */ = {isa = PBXBuildFile; fileRef = 18B3A9C42A6FAF1E00EC8FFD /* OnlineSuggestionsCVC.swift */; };
		18C7B2242A6ED85C00F58AA9 /* MainTabVC.swift in Sources */ = {isa = PBXBuildFile; fileRef = 18C7B2232A6ED85C00F58AA9 /* MainTabVC.swift */; };
		18C7B2262A6EDB0000F58AA9 /* ProfileVC.swift in Sources */ = {isa = PBXBuildFile; fileRef = 18C7B2252A6EDB0000F58AA9 /* ProfileVC.swift */; };
		18C7B2282A6EDB1200F58AA9 /* MessageVC.swift in Sources */ = {isa = PBXBuildFile; fileRef = 18C7B2272A6EDB1200F58AA9 /* MessageVC.swift */; };
		18C7B22A2A6EDB7A00F58AA9 /* AddStoryVC.swift in Sources */ = {isa = PBXBuildFile; fileRef = 18C7B2292A6EDB7A00F58AA9 /* AddStoryVC.swift */; };
		18C7B22C2A6EDB9400F58AA9 /* YourStroryVC.swift in Sources */ = {isa = PBXBuildFile; fileRef = 18C7B22B2A6EDB9400F58AA9 /* YourStroryVC.swift */; };
		62290C1C2A669EF3003B3666 /* AppDelegate.swift in Sources */ = {isa = PBXBuildFile; fileRef = 62290C1B2A669EF3003B3666 /* AppDelegate.swift */; };
		62290C1E2A669EF3003B3666 /* SceneDelegate.swift in Sources */ = {isa = PBXBuildFile; fileRef = 62290C1D2A669EF3003B3666 /* SceneDelegate.swift */; };
		62290C202A669EF3003B3666 /* ViewController.swift in Sources */ = {isa = PBXBuildFile; fileRef = 62290C1F2A669EF3003B3666 /* ViewController.swift */; };
		62290C232A669EF3003B3666 /* Main.storyboard in Resources */ = {isa = PBXBuildFile; fileRef = 62290C212A669EF3003B3666 /* Main.storyboard */; };
		62290C252A669EF5003B3666 /* Assets.xcassets in Resources */ = {isa = PBXBuildFile; fileRef = 62290C242A669EF5003B3666 /* Assets.xcassets */; };
		62290C282A669EF5003B3666 /* LaunchScreen.storyboard in Resources */ = {isa = PBXBuildFile; fileRef = 62290C262A669EF5003B3666 /* LaunchScreen.storyboard */; };
		D102F23B2250560065EAC276 /* Pods_Zomate.framework in Frameworks */ = {isa = PBXBuildFile; fileRef = 725AD69476BBFA623B6DA5C8 /* Pods_Zomate.framework */; };
/* End PBXBuildFile section */

/* Begin PBXFileReference section */
		180D43172A739B1800F97700 /* NewMatchesTVC.swift */ = {isa = PBXFileReference; lastKnownFileType = sourcecode.swift; path = NewMatchesTVC.swift; sourceTree = "<group>"; };
		180D431A2A739B4300F97700 /* NewMatchesCVC.swift */ = {isa = PBXFileReference; lastKnownFileType = sourcecode.swift; path = NewMatchesCVC.swift; sourceTree = "<group>"; };
		180D431C2A739C4000F97700 /* AllMessagesTVC.swift */ = {isa = PBXFileReference; lastKnownFileType = sourcecode.swift; path = AllMessagesTVC.swift; sourceTree = "<group>"; };
		180D43202A73A0E300F97700 /* PlanSubscriptionVC.swift */ = {isa = PBXFileReference; lastKnownFileType = sourcecode.swift; path = PlanSubscriptionVC.swift; sourceTree = "<group>"; };
		180D43232A73A17F00F97700 /* AllPlanTVC.swift */ = {isa = PBXFileReference; lastKnownFileType = sourcecode.swift; path = AllPlanTVC.swift; sourceTree = "<group>"; };
		180D43252A73A29E00F97700 /* SettingsVC.swift */ = {isa = PBXFileReference; lastKnownFileType = sourcecode.swift; path = SettingsVC.swift; sourceTree = "<group>"; };
		180D43282A73A32500F97700 /* SettingsTVC.swift */ = {isa = PBXFileReference; lastKnownFileType = sourcecode.swift; path = SettingsTVC.swift; sourceTree = "<group>"; };
		180D432A2A73A54000F97700 /* DatingMatchesVC.swift */ = {isa = PBXFileReference; lastKnownFileType = sourcecode.swift; path = DatingMatchesVC.swift; sourceTree = "<group>"; };
		180D432D2A73A5B700F97700 /* MatchesListTVC.swift */ = {isa = PBXFileReference; lastKnownFileType = sourcecode.swift; path = MatchesListTVC.swift; sourceTree = "<group>"; };
		180D432F2A73A7B400F97700 /* NotificationsVC.swift */ = {isa = PBXFileReference; lastKnownFileType = sourcecode.swift; path = NotificationsVC.swift; sourceTree = "<group>"; };
		180D43322A73A7D400F97700 /* NotificationsTVC.swift */ = {isa = PBXFileReference; lastKnownFileType = sourcecode.swift; path = NotificationsTVC.swift; sourceTree = "<group>"; };
		1817651C2A7187EE006986E1 /* BioTVC.swift */ = {isa = PBXFileReference; lastKnownFileType = sourcecode.swift; path = BioTVC.swift; sourceTree = "<group>"; };
		1817651E2A718862006986E1 /* BioCVC.swift */ = {isa = PBXFileReference; lastKnownFileType = sourcecode.swift; path = BioCVC.swift; sourceTree = "<group>"; };
		181765202A718884006986E1 /* InterestsCVC.swift */ = {isa = PBXFileReference; lastKnownFileType = sourcecode.swift; path = InterestsCVC.swift; sourceTree = "<group>"; };
		181765222A7188C3006986E1 /* InterestsTVC.swift */ = {isa = PBXFileReference; lastKnownFileType = sourcecode.swift; path = InterestsTVC.swift; sourceTree = "<group>"; };
		181ED0592A6A69E6004CE823 /* LocationVC.swift */ = {isa = PBXFileReference; lastKnownFileType = sourcecode.swift; path = LocationVC.swift; sourceTree = "<group>"; };
		181ED05B2A6AAE36004CE823 /* MapVC.swift */ = {isa = PBXFileReference; lastKnownFileType = sourcecode.swift; path = MapVC.swift; sourceTree = "<group>"; };
		18333A262A6F9C2F005123F2 /* Lexend-Regular.ttf */ = {isa = PBXFileReference; lastKnownFileType = file; path = "Lexend-Regular.ttf"; sourceTree = "<group>"; };
		18333A272A6F9C2F005123F2 /* Date.swift */ = {isa = PBXFileReference; fileEncoding = 4; lastKnownFileType = sourcecode.swift; path = Date.swift; sourceTree = "<group>"; };
		18333A282A6F9C2F005123F2 /* UIView.swift */ = {isa = PBXFileReference; fileEncoding = 4; lastKnownFileType = sourcecode.swift; path = UIView.swift; sourceTree = "<group>"; };
		18333A292A6F9C2F005123F2 /* Lexend-SemiBold.ttf */ = {isa = PBXFileReference; lastKnownFileType = file; path = "Lexend-SemiBold.ttf"; sourceTree = "<group>"; };
		18333A2A2A6F9C2F005123F2 /* Lexend-Black.ttf */ = {isa = PBXFileReference; lastKnownFileType = file; path = "Lexend-Black.ttf"; sourceTree = "<group>"; };
		18333A2B2A6F9C2F005123F2 /* Data.swift */ = {isa = PBXFileReference; fileEncoding = 4; lastKnownFileType = sourcecode.swift; path = Data.swift; sourceTree = "<group>"; };
		18333A2C2A6F9C2F005123F2 /* UIColor.swift */ = {isa = PBXFileReference; fileEncoding = 4; lastKnownFileType = sourcecode.swift; path = UIColor.swift; sourceTree = "<group>"; };
		18333A2D2A6F9C2F005123F2 /* Lexend-ExtraBold.ttf */ = {isa = PBXFileReference; lastKnownFileType = file; path = "Lexend-ExtraBold.ttf"; sourceTree = "<group>"; };
		18333A2E2A6F9C2F005123F2 /* Threading.swift */ = {isa = PBXFileReference; fileEncoding = 4; lastKnownFileType = sourcecode.swift; path = Threading.swift; sourceTree = "<group>"; };
		18333A2F2A6F9C2F005123F2 /* PropertWrapper.swift */ = {isa = PBXFileReference; fileEncoding = 4; lastKnownFileType = sourcecode.swift; path = PropertWrapper.swift; sourceTree = "<group>"; };
		18333A302A6F9C2F005123F2 /* Lexend-ExtraLight.ttf */ = {isa = PBXFileReference; lastKnownFileType = file; path = "Lexend-ExtraLight.ttf"; sourceTree = "<group>"; };
		18333A312A6F9C2F005123F2 /* ImagePicker.swift */ = {isa = PBXFileReference; fileEncoding = 4; lastKnownFileType = sourcecode.swift; path = ImagePicker.swift; sourceTree = "<group>"; };
		18333A322A6F9C2F005123F2 /* UICollectionView.swift */ = {isa = PBXFileReference; fileEncoding = 4; lastKnownFileType = sourcecode.swift; path = UICollectionView.swift; sourceTree = "<group>"; };
		18333A332A6F9C2F005123F2 /* NSMutableAttributedString.swift */ = {isa = PBXFileReference; fileEncoding = 4; lastKnownFileType = sourcecode.swift; path = NSMutableAttributedString.swift; sourceTree = "<group>"; };
		18333A342A6F9C2F005123F2 /* Int.swift */ = {isa = PBXFileReference; fileEncoding = 4; lastKnownFileType = sourcecode.swift; path = Int.swift; sourceTree = "<group>"; };
		18333A352A6F9C2F005123F2 /* UITableView.swift */ = {isa = PBXFileReference; fileEncoding = 4; lastKnownFileType = sourcecode.swift; path = UITableView.swift; sourceTree = "<group>"; };
		18333A362A6F9C2F005123F2 /* UIDevice.swift */ = {isa = PBXFileReference; fileEncoding = 4; lastKnownFileType = sourcecode.swift; path = UIDevice.swift; sourceTree = "<group>"; };
		18333A372A6F9C2F005123F2 /* CodingUserInfoKey.swift */ = {isa = PBXFileReference; fileEncoding = 4; lastKnownFileType = sourcecode.swift; path = CodingUserInfoKey.swift; sourceTree = "<group>"; };
		18333A382A6F9C2F005123F2 /* UITextField.swift */ = {isa = PBXFileReference; fileEncoding = 4; lastKnownFileType = sourcecode.swift; path = UITextField.swift; sourceTree = "<group>"; };
		18333A392A6F9C2F005123F2 /* UIDatePicker.swift */ = {isa = PBXFileReference; fileEncoding = 4; lastKnownFileType = sourcecode.swift; path = UIDatePicker.swift; sourceTree = "<group>"; };
		18333A3A2A6F9C2F005123F2 /* Dictionary.swift */ = {isa = PBXFileReference; fileEncoding = 4; lastKnownFileType = sourcecode.swift; path = Dictionary.swift; sourceTree = "<group>"; };
		18333A3B2A6F9C2F005123F2 /* String.swift */ = {isa = PBXFileReference; fileEncoding = 4; lastKnownFileType = sourcecode.swift; path = String.swift; sourceTree = "<group>"; };
		18333A3C2A6F9C2F005123F2 /* UIButton.swift */ = {isa = PBXFileReference; fileEncoding = 4; lastKnownFileType = sourcecode.swift; path = UIButton.swift; sourceTree = "<group>"; };
		18333A3D2A6F9C2F005123F2 /* UIImage.swift */ = {isa = PBXFileReference; fileEncoding = 4; lastKnownFileType = sourcecode.swift; path = UIImage.swift; sourceTree = "<group>"; };
		18333A3E2A6F9C2F005123F2 /* UIViewController.swift */ = {isa = PBXFileReference; fileEncoding = 4; lastKnownFileType = sourcecode.swift; path = UIViewController.swift; sourceTree = "<group>"; };
		18333A3F2A6F9C2F005123F2 /* Lexend-Thin.ttf */ = {isa = PBXFileReference; lastKnownFileType = file; path = "Lexend-Thin.ttf"; sourceTree = "<group>"; };
		18333A402A6F9C2F005123F2 /* Lexend-Light.ttf */ = {isa = PBXFileReference; lastKnownFileType = file; path = "Lexend-Light.ttf"; sourceTree = "<group>"; };
		18333A412A6F9C2F005123F2 /* UIImageView.swift */ = {isa = PBXFileReference; fileEncoding = 4; lastKnownFileType = sourcecode.swift; path = UIImageView.swift; sourceTree = "<group>"; };
		18333A422A6F9C2F005123F2 /* CGFloat.swift */ = {isa = PBXFileReference; fileEncoding = 4; lastKnownFileType = sourcecode.swift; path = CGFloat.swift; sourceTree = "<group>"; };
		18333A432A6F9C2F005123F2 /* Double.swift */ = {isa = PBXFileReference; fileEncoding = 4; lastKnownFileType = sourcecode.swift; path = Double.swift; sourceTree = "<group>"; };
		18333A442A6F9C2F005123F2 /* UIFont.swift */ = {isa = PBXFileReference; fileEncoding = 4; lastKnownFileType = sourcecode.swift; path = UIFont.swift; sourceTree = "<group>"; };
		18333A452A6F9C2F005123F2 /* UILabel.swift */ = {isa = PBXFileReference; fileEncoding = 4; lastKnownFileType = sourcecode.swift; path = UILabel.swift; sourceTree = "<group>"; };
		18333A462A6F9C2F005123F2 /* Optional.swift */ = {isa = PBXFileReference; fileEncoding = 4; lastKnownFileType = sourcecode.swift; path = Optional.swift; sourceTree = "<group>"; };
		18333A472A6F9C2F005123F2 /* Lexend-Medium.ttf */ = {isa = PBXFileReference; lastKnownFileType = file; path = "Lexend-Medium.ttf"; sourceTree = "<group>"; };
		18333A482A6F9C2F005123F2 /* Lexend-Bold.ttf */ = {isa = PBXFileReference; lastKnownFileType = file; path = "Lexend-Bold.ttf"; sourceTree = "<group>"; };
		18333A492A6F9C2F005123F2 /* Float.swift */ = {isa = PBXFileReference; fileEncoding = 4; lastKnownFileType = sourcecode.swift; path = Float.swift; sourceTree = "<group>"; };
		1853E55F2A6829F700D86D3C /* LikeInterestCVC.swift */ = {isa = PBXFileReference; lastKnownFileType = sourcecode.swift; path = LikeInterestCVC.swift; sourceTree = "<group>"; };
		1853E5622A682A3800D86D3C /* LikeInterestVC.swift */ = {isa = PBXFileReference; lastKnownFileType = sourcecode.swift; path = LikeInterestVC.swift; sourceTree = "<group>"; };
		1864CF812A691E53001BCB38 /* OTPVerificationVC.swift */ = {isa = PBXFileReference; lastKnownFileType = sourcecode.swift; path = OTPVerificationVC.swift; sourceTree = "<group>"; };
		1864D8DB2A693C6300553295 /* LoginVC.swift */ = {isa = PBXFileReference; lastKnownFileType = sourcecode.swift; path = LoginVC.swift; sourceTree = "<group>"; };
		189F87AF2A73D60A00B70CB2 /* PlanDatingVC.swift */ = {isa = PBXFileReference; lastKnownFileType = sourcecode.swift; path = PlanDatingVC.swift; sourceTree = "<group>"; };
		189F87B22A73D62700B70CB2 /* PlanDatingTVC.swift */ = {isa = PBXFileReference; lastKnownFileType = sourcecode.swift; path = PlanDatingTVC.swift; sourceTree = "<group>"; };
		18B3A9B92A6FACD400EC8FFD /* StoriesTVC.swift */ = {isa = PBXFileReference; lastKnownFileType = sourcecode.swift; path = StoriesTVC.swift; sourceTree = "<group>"; };
		18B3A9BD2A6FAD9300EC8FFD /* ButtonsTVC.swift */ = {isa = PBXFileReference; lastKnownFileType = sourcecode.swift; path = ButtonsTVC.swift; sourceTree = "<group>"; };
		18B3A9BF2A6FADD700EC8FFD /* OnlineSuggestionsTVC.swift */ = {isa = PBXFileReference; lastKnownFileType = sourcecode.swift; path = OnlineSuggestionsTVC.swift; sourceTree = "<group>"; };
		18B3A9C22A6FAEE500EC8FFD /* StoriesCVC.swift */ = {isa = PBXFileReference; lastKnownFileType = sourcecode.swift; path = StoriesCVC.swift; sourceTree = "<group>"; };
		18B3A9C42A6FAF1E00EC8FFD /* OnlineSuggestionsCVC.swift */ = {isa = PBXFileReference; lastKnownFileType = sourcecode.swift; path = OnlineSuggestionsCVC.swift; sourceTree = "<group>"; };
		18C7B2232A6ED85C00F58AA9 /* MainTabVC.swift */ = {isa = PBXFileReference; lastKnownFileType = sourcecode.swift; path = MainTabVC.swift; sourceTree = "<group>"; };
		18C7B2252A6EDB0000F58AA9 /* ProfileVC.swift */ = {isa = PBXFileReference; lastKnownFileType = sourcecode.swift; path = ProfileVC.swift; sourceTree = "<group>"; };
		18C7B2272A6EDB1200F58AA9 /* MessageVC.swift */ = {isa = PBXFileReference; lastKnownFileType = sourcecode.swift; path = MessageVC.swift; sourceTree = "<group>"; };
		18C7B2292A6EDB7A00F58AA9 /* AddStoryVC.swift */ = {isa = PBXFileReference; lastKnownFileType = sourcecode.swift; path = AddStoryVC.swift; sourceTree = "<group>"; };
		18C7B22B2A6EDB9400F58AA9 /* YourStroryVC.swift */ = {isa = PBXFileReference; lastKnownFileType = sourcecode.swift; path = YourStroryVC.swift; sourceTree = "<group>"; };
		62290C182A669EF3003B3666 /* Zomate.app */ = {isa = PBXFileReference; explicitFileType = wrapper.application; includeInIndex = 0; path = Zomate.app; sourceTree = BUILT_PRODUCTS_DIR; };
		62290C1B2A669EF3003B3666 /* AppDelegate.swift */ = {isa = PBXFileReference; lastKnownFileType = sourcecode.swift; path = AppDelegate.swift; sourceTree = "<group>"; };
		62290C1D2A669EF3003B3666 /* SceneDelegate.swift */ = {isa = PBXFileReference; lastKnownFileType = sourcecode.swift; path = SceneDelegate.swift; sourceTree = "<group>"; };
		62290C1F2A669EF3003B3666 /* ViewController.swift */ = {isa = PBXFileReference; lastKnownFileType = sourcecode.swift; path = ViewController.swift; sourceTree = "<group>"; };
		62290C222A669EF3003B3666 /* Base */ = {isa = PBXFileReference; lastKnownFileType = file.storyboard; name = Base; path = Base.lproj/Main.storyboard; sourceTree = "<group>"; };
		62290C242A669EF5003B3666 /* Assets.xcassets */ = {isa = PBXFileReference; lastKnownFileType = folder.assetcatalog; path = Assets.xcassets; sourceTree = "<group>"; };
		62290C272A669EF5003B3666 /* Base */ = {isa = PBXFileReference; lastKnownFileType = file.storyboard; name = Base; path = Base.lproj/LaunchScreen.storyboard; sourceTree = "<group>"; };
		62290C292A669EF5003B3666 /* Info.plist */ = {isa = PBXFileReference; lastKnownFileType = text.plist.xml; path = Info.plist; sourceTree = "<group>"; };
		725AD69476BBFA623B6DA5C8 /* Pods_Zomate.framework */ = {isa = PBXFileReference; explicitFileType = wrapper.framework; includeInIndex = 0; path = Pods_Zomate.framework; sourceTree = BUILT_PRODUCTS_DIR; };
		7CB6998570ACDE4CFFFCF125 /* Pods-Zomate.debug.xcconfig */ = {isa = PBXFileReference; includeInIndex = 1; lastKnownFileType = text.xcconfig; name = "Pods-Zomate.debug.xcconfig"; path = "Target Support Files/Pods-Zomate/Pods-Zomate.debug.xcconfig"; sourceTree = "<group>"; };
		7D98F7805D3B19ACDACA65DF /* Pods-Zomate.release.xcconfig */ = {isa = PBXFileReference; includeInIndex = 1; lastKnownFileType = text.xcconfig; name = "Pods-Zomate.release.xcconfig"; path = "Target Support Files/Pods-Zomate/Pods-Zomate.release.xcconfig"; sourceTree = "<group>"; };
/* End PBXFileReference section */

/* Begin PBXFrameworksBuildPhase section */
		62290C152A669EF3003B3666 /* Frameworks */ = {
			isa = PBXFrameworksBuildPhase;
			buildActionMask = 2147483647;
			files = (
				D102F23B2250560065EAC276 /* Pods_Zomate.framework in Frameworks */,
			);
			runOnlyForDeploymentPostprocessing = 0;
		};
/* End PBXFrameworksBuildPhase section */

/* Begin PBXGroup section */
		180D43162A739B0000F97700 /* MessageVC */ = {
			isa = PBXGroup;
			children = (
				180D43172A739B1800F97700 /* NewMatchesTVC.swift */,
				180D431C2A739C4000F97700 /* AllMessagesTVC.swift */,
			);
			path = MessageVC;
			sourceTree = "<group>";
		};
		180D43192A739B2200F97700 /* MessageVC */ = {
			isa = PBXGroup;
			children = (
				180D431A2A739B4300F97700 /* NewMatchesCVC.swift */,
			);
			path = MessageVC;
			sourceTree = "<group>";
		};
		180D43222A73A15C00F97700 /* PlanSubscriptionVC */ = {
			isa = PBXGroup;
			children = (
				180D43232A73A17F00F97700 /* AllPlanTVC.swift */,
			);
			path = PlanSubscriptionVC;
			sourceTree = "<group>";
		};
		180D43272A73A30B00F97700 /* SettingsVC */ = {
			isa = PBXGroup;
			children = (
				180D43282A73A32500F97700 /* SettingsTVC.swift */,
			);
			path = SettingsVC;
			sourceTree = "<group>";
		};
		180D432C2A73A56F00F97700 /* DatingMatchesVC */ = {
			isa = PBXGroup;
			children = (
				180D432D2A73A5B700F97700 /* MatchesListTVC.swift */,
			);
			path = DatingMatchesVC;
			sourceTree = "<group>";
		};
		180D43312A73A7BA00F97700 /* NotificationsVC */ = {
			isa = PBXGroup;
			children = (
				180D43322A73A7D400F97700 /* NotificationsTVC.swift */,
			);
			path = NotificationsVC;
			sourceTree = "<group>";
		};
		1817651A2A7187C1006986E1 /* ProfileVC */ = {
			isa = PBXGroup;
			children = (
				1817651C2A7187EE006986E1 /* BioTVC.swift */,
				181765222A7188C3006986E1 /* InterestsTVC.swift */,
			);
			path = ProfileVC;
			sourceTree = "<group>";
		};
		1817651B2A7187CA006986E1 /* ProfileVC */ = {
			isa = PBXGroup;
			children = (
				1817651E2A718862006986E1 /* BioCVC.swift */,
				181765202A718884006986E1 /* InterestsCVC.swift */,
			);
			path = ProfileVC;
			sourceTree = "<group>";
		};
		18333A252A6F9C2F005123F2 /* Extensions */ = {
			isa = PBXGroup;
			children = (
				18333A262A6F9C2F005123F2 /* Lexend-Regular.ttf */,
				18333A272A6F9C2F005123F2 /* Date.swift */,
				18333A282A6F9C2F005123F2 /* UIView.swift */,
				18333A292A6F9C2F005123F2 /* Lexend-SemiBold.ttf */,
				18333A2A2A6F9C2F005123F2 /* Lexend-Black.ttf */,
				18333A2B2A6F9C2F005123F2 /* Data.swift */,
				18333A2C2A6F9C2F005123F2 /* UIColor.swift */,
				18333A2D2A6F9C2F005123F2 /* Lexend-ExtraBold.ttf */,
				18333A2E2A6F9C2F005123F2 /* Threading.swift */,
				18333A2F2A6F9C2F005123F2 /* PropertWrapper.swift */,
				18333A302A6F9C2F005123F2 /* Lexend-ExtraLight.ttf */,
				18333A312A6F9C2F005123F2 /* ImagePicker.swift */,
				18333A322A6F9C2F005123F2 /* UICollectionView.swift */,
				18333A332A6F9C2F005123F2 /* NSMutableAttributedString.swift */,
				18333A342A6F9C2F005123F2 /* Int.swift */,
				18333A352A6F9C2F005123F2 /* UITableView.swift */,
				18333A362A6F9C2F005123F2 /* UIDevice.swift */,
				18333A372A6F9C2F005123F2 /* CodingUserInfoKey.swift */,
				18333A382A6F9C2F005123F2 /* UITextField.swift */,
				18333A392A6F9C2F005123F2 /* UIDatePicker.swift */,
				18333A3A2A6F9C2F005123F2 /* Dictionary.swift */,
				18333A3B2A6F9C2F005123F2 /* String.swift */,
				18333A3C2A6F9C2F005123F2 /* UIButton.swift */,
				18333A3D2A6F9C2F005123F2 /* UIImage.swift */,
				18333A3E2A6F9C2F005123F2 /* UIViewController.swift */,
				18333A3F2A6F9C2F005123F2 /* Lexend-Thin.ttf */,
				18333A402A6F9C2F005123F2 /* Lexend-Light.ttf */,
				18333A412A6F9C2F005123F2 /* UIImageView.swift */,
				18333A422A6F9C2F005123F2 /* CGFloat.swift */,
				18333A432A6F9C2F005123F2 /* Double.swift */,
				18333A442A6F9C2F005123F2 /* UIFont.swift */,
				18333A452A6F9C2F005123F2 /* UILabel.swift */,
				18333A462A6F9C2F005123F2 /* Optional.swift */,
				18333A472A6F9C2F005123F2 /* Lexend-Medium.ttf */,
				18333A482A6F9C2F005123F2 /* Lexend-Bold.ttf */,
				18333A492A6F9C2F005123F2 /* Float.swift */,
			);
			path = Extensions;
			sourceTree = "<group>";
		};
		1853E55D2A68299F00D86D3C /* Views */ = {
			isa = PBXGroup;
			children = (
				18B3A9BB2A6FACE100EC8FFD /* TableViewCells */,
				1853E55E2A6829AE00D86D3C /* CollectionViewCells */,
			);
			path = Views;
			sourceTree = "<group>";
		};
		1853E55E2A6829AE00D86D3C /* CollectionViewCells */ = {
			isa = PBXGroup;
			children = (
				180D43192A739B2200F97700 /* MessageVC */,
				1817651B2A7187CA006986E1 /* ProfileVC */,
				18B3A9C12A6FAE9700EC8FFD /* AddStoryVC */,
				1853E55F2A6829F700D86D3C /* LikeInterestCVC.swift */,
			);
			path = CollectionViewCells;
			sourceTree = "<group>";
		};
		1853E5612A682A0700D86D3C /* Controllers */ = {
			isa = PBXGroup;
			children = (
				1853E5622A682A3800D86D3C /* LikeInterestVC.swift */,
				1864CF812A691E53001BCB38 /* OTPVerificationVC.swift */,
				1864D8DB2A693C6300553295 /* LoginVC.swift */,
				181ED0592A6A69E6004CE823 /* LocationVC.swift */,
				181ED05B2A6AAE36004CE823 /* MapVC.swift */,
				18C7B2232A6ED85C00F58AA9 /* MainTabVC.swift */,
				18C7B2252A6EDB0000F58AA9 /* ProfileVC.swift */,
				18C7B2272A6EDB1200F58AA9 /* MessageVC.swift */,
				18C7B2292A6EDB7A00F58AA9 /* AddStoryVC.swift */,
				18C7B22B2A6EDB9400F58AA9 /* YourStroryVC.swift */,
				180D43202A73A0E300F97700 /* PlanSubscriptionVC.swift */,
				180D43252A73A29E00F97700 /* SettingsVC.swift */,
				180D432A2A73A54000F97700 /* DatingMatchesVC.swift */,
				180D432F2A73A7B400F97700 /* NotificationsVC.swift */,
				189F87AF2A73D60A00B70CB2 /* PlanDatingVC.swift */,
			);
			path = Controllers;
			sourceTree = "<group>";
		};
		189F87B12A73D60F00B70CB2 /* PlanDatingVC */ = {
			isa = PBXGroup;
			children = (
				189F87B22A73D62700B70CB2 /* PlanDatingTVC.swift */,
			);
			path = PlanDatingVC;
			sourceTree = "<group>";
		};
		18B3A9BB2A6FACE100EC8FFD /* TableViewCells */ = {
			isa = PBXGroup;
			children = (
				189F87B12A73D60F00B70CB2 /* PlanDatingVC */,
				180D43312A73A7BA00F97700 /* NotificationsVC */,
				180D432C2A73A56F00F97700 /* DatingMatchesVC */,
				180D43272A73A30B00F97700 /* SettingsVC */,
				180D43222A73A15C00F97700 /* PlanSubscriptionVC */,
				180D43162A739B0000F97700 /* MessageVC */,
				1817651A2A7187C1006986E1 /* ProfileVC */,
				18B3A9BC2A6FAD1000EC8FFD /* AddStoryVC */,
			);
			path = TableViewCells;
			sourceTree = "<group>";
		};
		18B3A9BC2A6FAD1000EC8FFD /* AddStoryVC */ = {
			isa = PBXGroup;
			children = (
				18B3A9B92A6FACD400EC8FFD /* StoriesTVC.swift */,
				18B3A9BD2A6FAD9300EC8FFD /* ButtonsTVC.swift */,
				18B3A9BF2A6FADD700EC8FFD /* OnlineSuggestionsTVC.swift */,
			);
			path = AddStoryVC;
			sourceTree = "<group>";
		};
		18B3A9C12A6FAE9700EC8FFD /* AddStoryVC */ = {
			isa = PBXGroup;
			children = (
				18B3A9C22A6FAEE500EC8FFD /* StoriesCVC.swift */,
				18B3A9C42A6FAF1E00EC8FFD /* OnlineSuggestionsCVC.swift */,
			);
			path = AddStoryVC;
			sourceTree = "<group>";
		};
		62290C0F2A669EF3003B3666 = {
			isa = PBXGroup;
			children = (
				62290C1A2A669EF3003B3666 /* Zomate */,
				62290C192A669EF3003B3666 /* Products */,
				F7F28896A72C5A67CD92E457 /* Pods */,
				8DF548D3C509FC8AECAD47D1 /* Frameworks */,
			);
			sourceTree = "<group>";
		};
		62290C192A669EF3003B3666 /* Products */ = {
			isa = PBXGroup;
			children = (
				62290C182A669EF3003B3666 /* Zomate.app */,
			);
			name = Products;
			sourceTree = "<group>";
		};
		62290C1A2A669EF3003B3666 /* Zomate */ = {
			isa = PBXGroup;
			children = (
				1853E5612A682A0700D86D3C /* Controllers */,
				1853E55D2A68299F00D86D3C /* Views */,
				62290C312A669F60003B3666 /* AppDelegate */,
				62290C302A669F39003B3666 /* GlobalConstants */,
				62290C1F2A669EF3003B3666 /* ViewController.swift */,
				18333A252A6F9C2F005123F2 /* Extensions */,
				62290C322A669F75003B3666 /* StoryBoards */,
				62290C242A669EF5003B3666 /* Assets.xcassets */,
				62290C292A669EF5003B3666 /* Info.plist */,
			);
			path = Zomate;
			sourceTree = "<group>";
		};
		62290C302A669F39003B3666 /* GlobalConstants */ = {
			isa = PBXGroup;
			children = (
			);
			path = GlobalConstants;
			sourceTree = "<group>";
		};
		62290C312A669F60003B3666 /* AppDelegate */ = {
			isa = PBXGroup;
			children = (
				62290C1B2A669EF3003B3666 /* AppDelegate.swift */,
				62290C1D2A669EF3003B3666 /* SceneDelegate.swift */,
			);
			path = AppDelegate;
			sourceTree = "<group>";
		};
		62290C322A669F75003B3666 /* StoryBoards */ = {
			isa = PBXGroup;
			children = (
				62290C212A669EF3003B3666 /* Main.storyboard */,
				62290C262A669EF5003B3666 /* LaunchScreen.storyboard */,
			);
			path = StoryBoards;
			sourceTree = "<group>";
		};
		8DF548D3C509FC8AECAD47D1 /* Frameworks */ = {
			isa = PBXGroup;
			children = (
				725AD69476BBFA623B6DA5C8 /* Pods_Zomate.framework */,
			);
			name = Frameworks;
			sourceTree = "<group>";
		};
		F7F28896A72C5A67CD92E457 /* Pods */ = {
			isa = PBXGroup;
			children = (
				7CB6998570ACDE4CFFFCF125 /* Pods-Zomate.debug.xcconfig */,
				7D98F7805D3B19ACDACA65DF /* Pods-Zomate.release.xcconfig */,
			);
			path = Pods;
			sourceTree = "<group>";
		};
/* End PBXGroup section */

/* Begin PBXNativeTarget section */
		62290C172A669EF3003B3666 /* Zomate */ = {
			isa = PBXNativeTarget;
			buildConfigurationList = 62290C2C2A669EF5003B3666 /* Build configuration list for PBXNativeTarget "Zomate" */;
			buildPhases = (
				2EE74327FD319E7C8F5C838A /* [CP] Check Pods Manifest.lock */,
				62290C142A669EF3003B3666 /* Sources */,
				62290C152A669EF3003B3666 /* Frameworks */,
				62290C162A669EF3003B3666 /* Resources */,
				06107AE60090DAF559C10724 /* [CP] Embed Pods Frameworks */,
			);
			buildRules = (
			);
			dependencies = (
			);
			name = Zomate;
			productName = Zomate;
			productReference = 62290C182A669EF3003B3666 /* Zomate.app */;
			productType = "com.apple.product-type.application";
		};
/* End PBXNativeTarget section */

/* Begin PBXProject section */
		62290C102A669EF3003B3666 /* Project object */ = {
			isa = PBXProject;
			attributes = {
				BuildIndependentTargetsInParallel = 1;
				LastSwiftUpdateCheck = 1410;
				LastUpgradeCheck = 1410;
				TargetAttributes = {
					62290C172A669EF3003B3666 = {
						CreatedOnToolsVersion = 14.1;
					};
				};
			};
			buildConfigurationList = 62290C132A669EF3003B3666 /* Build configuration list for PBXProject "Zomate" */;
			compatibilityVersion = "Xcode 14.0";
			developmentRegion = en;
			hasScannedForEncodings = 0;
			knownRegions = (
				en,
				Base,
			);
			mainGroup = 62290C0F2A669EF3003B3666;
			productRefGroup = 62290C192A669EF3003B3666 /* Products */;
			projectDirPath = "";
			projectRoot = "";
			targets = (
				62290C172A669EF3003B3666 /* Zomate */,
			);
		};
/* End PBXProject section */

/* Begin PBXResourcesBuildPhase section */
		62290C162A669EF3003B3666 /* Resources */ = {
			isa = PBXResourcesBuildPhase;
			buildActionMask = 2147483647;
			files = (
				62290C282A669EF5003B3666 /* LaunchScreen.storyboard in Resources */,
				62290C252A669EF5003B3666 /* Assets.xcassets in Resources */,
				62290C232A669EF3003B3666 /* Main.storyboard in Resources */,
			);
			runOnlyForDeploymentPostprocessing = 0;
		};
/* End PBXResourcesBuildPhase section */

/* Begin PBXShellScriptBuildPhase section */
		06107AE60090DAF559C10724 /* [CP] Embed Pods Frameworks */ = {
			isa = PBXShellScriptBuildPhase;
			buildActionMask = 2147483647;
			files = (
			);
			inputFileListPaths = (
				"${PODS_ROOT}/Target Support Files/Pods-Zomate/Pods-Zomate-frameworks-${CONFIGURATION}-input-files.xcfilelist",
			);
			name = "[CP] Embed Pods Frameworks";
			outputFileListPaths = (
				"${PODS_ROOT}/Target Support Files/Pods-Zomate/Pods-Zomate-frameworks-${CONFIGURATION}-output-files.xcfilelist",
			);
			runOnlyForDeploymentPostprocessing = 0;
			shellPath = /bin/sh;
			shellScript = "\"${PODS_ROOT}/Target Support Files/Pods-Zomate/Pods-Zomate-frameworks.sh\"\n";
			showEnvVarsInLog = 0;
		};
		2EE74327FD319E7C8F5C838A /* [CP] Check Pods Manifest.lock */ = {
			isa = PBXShellScriptBuildPhase;
			buildActionMask = 2147483647;
			files = (
			);
			inputFileListPaths = (
			);
			inputPaths = (
				"${PODS_PODFILE_DIR_PATH}/Podfile.lock",
				"${PODS_ROOT}/Manifest.lock",
			);
			name = "[CP] Check Pods Manifest.lock";
			outputFileListPaths = (
			);
			outputPaths = (
				"$(DERIVED_FILE_DIR)/Pods-Zomate-checkManifestLockResult.txt",
			);
			runOnlyForDeploymentPostprocessing = 0;
			shellPath = /bin/sh;
			shellScript = "diff \"${PODS_PODFILE_DIR_PATH}/Podfile.lock\" \"${PODS_ROOT}/Manifest.lock\" > /dev/null\nif [ $? != 0 ] ; then\n    # print error to STDERR\n    echo \"error: The sandbox is not in sync with the Podfile.lock. Run 'pod install' or update your CocoaPods installation.\" >&2\n    exit 1\nfi\n# This output is used by Xcode 'outputs' to avoid re-running this script phase.\necho \"SUCCESS\" > \"${SCRIPT_OUTPUT_FILE_0}\"\n";
			showEnvVarsInLog = 0;
		};
/* End PBXShellScriptBuildPhase section */

/* Begin PBXSourcesBuildPhase section */
		62290C142A669EF3003B3666 /* Sources */ = {
			isa = PBXSourcesBuildPhase;
			buildActionMask = 2147483647;
			files = (
				180D43242A73A17F00F97700 /* AllPlanTVC.swift in Sources */,
				18333A672A6F9C30005123F2 /* Double.swift in Sources */,
				189F87B32A73D62700B70CB2 /* PlanDatingTVC.swift in Sources */,
				18B3A9BA2A6FACD400EC8FFD /* StoriesTVC.swift in Sources */,
				18333A692A6F9C30005123F2 /* UILabel.swift in Sources */,
				18333A662A6F9C30005123F2 /* CGFloat.swift in Sources */,
				18333A5B2A6F9C30005123F2 /* CodingUserInfoKey.swift in Sources */,
				18333A4C2A6F9C30005123F2 /* UIView.swift in Sources */,
				181ED05A2A6A69E6004CE823 /* LocationVC.swift in Sources */,
				1817651D2A7187EE006986E1 /* BioTVC.swift in Sources */,
				180D432B2A73A54000F97700 /* DatingMatchesVC.swift in Sources */,
				18333A602A6F9C30005123F2 /* UIButton.swift in Sources */,
				18333A4B2A6F9C30005123F2 /* Date.swift in Sources */,
				18333A5F2A6F9C30005123F2 /* String.swift in Sources */,
				18333A552A6F9C30005123F2 /* ImagePicker.swift in Sources */,
				180D43262A73A29E00F97700 /* SettingsVC.swift in Sources */,
				18C7B22C2A6EDB9400F58AA9 /* YourStroryVC.swift in Sources */,
				18333A682A6F9C30005123F2 /* UIFont.swift in Sources */,
				18333A622A6F9C30005123F2 /* UIViewController.swift in Sources */,
				180D431D2A739C4000F97700 /* AllMessagesTVC.swift in Sources */,
				18333A532A6F9C30005123F2 /* PropertWrapper.swift in Sources */,
				1864CF822A691E53001BCB38 /* OTPVerificationVC.swift in Sources */,
				18C7B2282A6EDB1200F58AA9 /* MessageVC.swift in Sources */,
				180D43182A739B1800F97700 /* NewMatchesTVC.swift in Sources */,
				1853E5602A6829F700D86D3C /* LikeInterestCVC.swift in Sources */,
				18B3A9C32A6FAEE500EC8FFD /* StoriesCVC.swift in Sources */,
				18333A612A6F9C30005123F2 /* UIImage.swift in Sources */,
				18333A5D2A6F9C30005123F2 /* UIDatePicker.swift in Sources */,
				18333A5E2A6F9C30005123F2 /* Dictionary.swift in Sources */,
				18333A652A6F9C30005123F2 /* UIImageView.swift in Sources */,
				18C7B22A2A6EDB7A00F58AA9 /* AddStoryVC.swift in Sources */,
				181765232A7188C3006986E1 /* InterestsTVC.swift in Sources */,
				180D43302A73A7B400F97700 /* NotificationsVC.swift in Sources */,
				1864D8DC2A693C6300553295 /* LoginVC.swift in Sources */,
				180D431B2A739B4300F97700 /* NewMatchesCVC.swift in Sources */,
				18B3A9BE2A6FAD9300EC8FFD /* ButtonsTVC.swift in Sources */,
				62290C202A669EF3003B3666 /* ViewController.swift in Sources */,
				180D43332A73A7D400F97700 /* NotificationsTVC.swift in Sources */,
				180D432E2A73A5B700F97700 /* MatchesListTVC.swift in Sources */,
				18333A592A6F9C30005123F2 /* UITableView.swift in Sources */,
				18333A522A6F9C30005123F2 /* Threading.swift in Sources */,
				18333A572A6F9C30005123F2 /* NSMutableAttributedString.swift in Sources */,
				180D43292A73A32500F97700 /* SettingsTVC.swift in Sources */,
				62290C1C2A669EF3003B3666 /* AppDelegate.swift in Sources */,
				18B3A9C02A6FADD700EC8FFD /* OnlineSuggestionsTVC.swift in Sources */,
				18333A582A6F9C30005123F2 /* Int.swift in Sources */,
				181765212A718884006986E1 /* InterestsCVC.swift in Sources */,
				18C7B2262A6EDB0000F58AA9 /* ProfileVC.swift in Sources */,
				181ED05C2A6AAE36004CE823 /* MapVC.swift in Sources */,
				189F87B02A73D60A00B70CB2 /* PlanDatingVC.swift in Sources */,
				18333A6A2A6F9C30005123F2 /* Optional.swift in Sources */,
				18333A502A6F9C30005123F2 /* UIColor.swift in Sources */,
				18333A4F2A6F9C30005123F2 /* Data.swift in Sources */,
				18333A5A2A6F9C30005123F2 /* UIDevice.swift in Sources */,
				18333A5C2A6F9C30005123F2 /* UITextField.swift in Sources */,
				62290C1E2A669EF3003B3666 /* SceneDelegate.swift in Sources */,
				1853E5632A682A3800D86D3C /* LikeInterestVC.swift in Sources */,
				18333A6D2A6F9C30005123F2 /* Float.swift in Sources */,
				18333A562A6F9C30005123F2 /* UICollectionView.swift in Sources */,
				180D43212A73A0E300F97700 /* PlanSubscriptionVC.swift in Sources */,
				1817651F2A718862006986E1 /* BioCVC.swift in Sources */,
				18C7B2242A6ED85C00F58AA9 /* MainTabVC.swift in Sources */,
				18B3A9C52A6FAF1E00EC8FFD /* OnlineSuggestionsCVC.swift in Sources */,
			);
			runOnlyForDeploymentPostprocessing = 0;
		};
/* End PBXSourcesBuildPhase section */

/* Begin PBXVariantGroup section */
		62290C212A669EF3003B3666 /* Main.storyboard */ = {
			isa = PBXVariantGroup;
			children = (
				62290C222A669EF3003B3666 /* Base */,
			);
			name = Main.storyboard;
			sourceTree = "<group>";
		};
		62290C262A669EF5003B3666 /* LaunchScreen.storyboard */ = {
			isa = PBXVariantGroup;
			children = (
				62290C272A669EF5003B3666 /* Base */,
			);
			name = LaunchScreen.storyboard;
			sourceTree = "<group>";
		};
/* End PBXVariantGroup section */

/* Begin XCBuildConfiguration section */
		62290C2A2A669EF5003B3666 /* Debug */ = {
			isa = XCBuildConfiguration;
			buildSettings = {
				ALWAYS_SEARCH_USER_PATHS = NO;
				CLANG_ANALYZER_NONNULL = YES;
				CLANG_ANALYZER_NUMBER_OBJECT_CONVERSION = YES_AGGRESSIVE;
				CLANG_CXX_LANGUAGE_STANDARD = "gnu++20";
				CLANG_ENABLE_MODULES = YES;
				CLANG_ENABLE_OBJC_ARC = YES;
				CLANG_ENABLE_OBJC_WEAK = YES;
				CLANG_WARN_BLOCK_CAPTURE_AUTORELEASING = YES;
				CLANG_WARN_BOOL_CONVERSION = YES;
				CLANG_WARN_COMMA = YES;
				CLANG_WARN_CONSTANT_CONVERSION = YES;
				CLANG_WARN_DEPRECATED_OBJC_IMPLEMENTATIONS = YES;
				CLANG_WARN_DIRECT_OBJC_ISA_USAGE = YES_ERROR;
				CLANG_WARN_DOCUMENTATION_COMMENTS = YES;
				CLANG_WARN_EMPTY_BODY = YES;
				CLANG_WARN_ENUM_CONVERSION = YES;
				CLANG_WARN_INFINITE_RECURSION = YES;
				CLANG_WARN_INT_CONVERSION = YES;
				CLANG_WARN_NON_LITERAL_NULL_CONVERSION = YES;
				CLANG_WARN_OBJC_IMPLICIT_RETAIN_SELF = YES;
				CLANG_WARN_OBJC_LITERAL_CONVERSION = YES;
				CLANG_WARN_OBJC_ROOT_CLASS = YES_ERROR;
				CLANG_WARN_QUOTED_INCLUDE_IN_FRAMEWORK_HEADER = YES;
				CLANG_WARN_RANGE_LOOP_ANALYSIS = YES;
				CLANG_WARN_STRICT_PROTOTYPES = YES;
				CLANG_WARN_SUSPICIOUS_MOVE = YES;
				CLANG_WARN_UNGUARDED_AVAILABILITY = YES_AGGRESSIVE;
				CLANG_WARN_UNREACHABLE_CODE = YES;
				CLANG_WARN__DUPLICATE_METHOD_MATCH = YES;
				COPY_PHASE_STRIP = NO;
				DEBUG_INFORMATION_FORMAT = dwarf;
				ENABLE_STRICT_OBJC_MSGSEND = YES;
				ENABLE_TESTABILITY = YES;
				GCC_C_LANGUAGE_STANDARD = gnu11;
				GCC_DYNAMIC_NO_PIC = NO;
				GCC_NO_COMMON_BLOCKS = YES;
				GCC_OPTIMIZATION_LEVEL = 0;
				GCC_PREPROCESSOR_DEFINITIONS = (
					"DEBUG=1",
					"$(inherited)",
				);
				GCC_WARN_64_TO_32_BIT_CONVERSION = YES;
				GCC_WARN_ABOUT_RETURN_TYPE = YES_ERROR;
				GCC_WARN_UNDECLARED_SELECTOR = YES;
				GCC_WARN_UNINITIALIZED_AUTOS = YES_AGGRESSIVE;
				GCC_WARN_UNUSED_FUNCTION = YES;
				GCC_WARN_UNUSED_VARIABLE = YES;
				IPHONEOS_DEPLOYMENT_TARGET = 16.1;
				MTL_ENABLE_DEBUG_INFO = INCLUDE_SOURCE;
				MTL_FAST_MATH = YES;
				ONLY_ACTIVE_ARCH = YES;
				SDKROOT = iphoneos;
				SWIFT_ACTIVE_COMPILATION_CONDITIONS = DEBUG;
				SWIFT_OPTIMIZATION_LEVEL = "-Onone";
			};
			name = Debug;
		};
		62290C2B2A669EF5003B3666 /* Release */ = {
			isa = XCBuildConfiguration;
			buildSettings = {
				ALWAYS_SEARCH_USER_PATHS = NO;
				CLANG_ANALYZER_NONNULL = YES;
				CLANG_ANALYZER_NUMBER_OBJECT_CONVERSION = YES_AGGRESSIVE;
				CLANG_CXX_LANGUAGE_STANDARD = "gnu++20";
				CLANG_ENABLE_MODULES = YES;
				CLANG_ENABLE_OBJC_ARC = YES;
				CLANG_ENABLE_OBJC_WEAK = YES;
				CLANG_WARN_BLOCK_CAPTURE_AUTORELEASING = YES;
				CLANG_WARN_BOOL_CONVERSION = YES;
				CLANG_WARN_COMMA = YES;
				CLANG_WARN_CONSTANT_CONVERSION = YES;
				CLANG_WARN_DEPRECATED_OBJC_IMPLEMENTATIONS = YES;
				CLANG_WARN_DIRECT_OBJC_ISA_USAGE = YES_ERROR;
				CLANG_WARN_DOCUMENTATION_COMMENTS = YES;
				CLANG_WARN_EMPTY_BODY = YES;
				CLANG_WARN_ENUM_CONVERSION = YES;
				CLANG_WARN_INFINITE_RECURSION = YES;
				CLANG_WARN_INT_CONVERSION = YES;
				CLANG_WARN_NON_LITERAL_NULL_CONVERSION = YES;
				CLANG_WARN_OBJC_IMPLICIT_RETAIN_SELF = YES;
				CLANG_WARN_OBJC_LITERAL_CONVERSION = YES;
				CLANG_WARN_OBJC_ROOT_CLASS = YES_ERROR;
				CLANG_WARN_QUOTED_INCLUDE_IN_FRAMEWORK_HEADER = YES;
				CLANG_WARN_RANGE_LOOP_ANALYSIS = YES;
				CLANG_WARN_STRICT_PROTOTYPES = YES;
				CLANG_WARN_SUSPICIOUS_MOVE = YES;
				CLANG_WARN_UNGUARDED_AVAILABILITY = YES_AGGRESSIVE;
				CLANG_WARN_UNREACHABLE_CODE = YES;
				CLANG_WARN__DUPLICATE_METHOD_MATCH = YES;
				COPY_PHASE_STRIP = NO;
				DEBUG_INFORMATION_FORMAT = "dwarf-with-dsym";
				ENABLE_NS_ASSERTIONS = NO;
				ENABLE_STRICT_OBJC_MSGSEND = YES;
				GCC_C_LANGUAGE_STANDARD = gnu11;
				GCC_NO_COMMON_BLOCKS = YES;
				GCC_WARN_64_TO_32_BIT_CONVERSION = YES;
				GCC_WARN_ABOUT_RETURN_TYPE = YES_ERROR;
				GCC_WARN_UNDECLARED_SELECTOR = YES;
				GCC_WARN_UNINITIALIZED_AUTOS = YES_AGGRESSIVE;
				GCC_WARN_UNUSED_FUNCTION = YES;
				GCC_WARN_UNUSED_VARIABLE = YES;
				IPHONEOS_DEPLOYMENT_TARGET = 16.1;
				MTL_ENABLE_DEBUG_INFO = NO;
				MTL_FAST_MATH = YES;
				SDKROOT = iphoneos;
				SWIFT_COMPILATION_MODE = wholemodule;
				SWIFT_OPTIMIZATION_LEVEL = "-O";
				VALIDATE_PRODUCT = YES;
			};
			name = Release;
		};
		62290C2D2A669EF5003B3666 /* Debug */ = {
			isa = XCBuildConfiguration;
			baseConfigurationReference = 7CB6998570ACDE4CFFFCF125 /* Pods-Zomate.debug.xcconfig */;
			buildSettings = {
				ASSETCATALOG_COMPILER_APPICON_NAME = AppIcon;
				ASSETCATALOG_COMPILER_GLOBAL_ACCENT_COLOR_NAME = AccentColor;
				CODE_SIGN_STYLE = Automatic;
				CURRENT_PROJECT_VERSION = 1;
				DEVELOPMENT_TEAM = 6RDRZ62R84;
				GENERATE_INFOPLIST_FILE = YES;
				INFOPLIST_FILE = Zomate/Info.plist;
				INFOPLIST_KEY_UIApplicationSupportsIndirectInputEvents = YES;
				INFOPLIST_KEY_UILaunchStoryboardName = LaunchScreen;
				INFOPLIST_KEY_UIMainStoryboardFile = Main;
				INFOPLIST_KEY_UISupportedInterfaceOrientations = UIInterfaceOrientationPortrait;
				INFOPLIST_KEY_UISupportedInterfaceOrientations_iPad = "UIInterfaceOrientationLandscapeLeft UIInterfaceOrientationLandscapeRight UIInterfaceOrientationPortrait UIInterfaceOrientationPortraitUpsideDown";
				IPHONEOS_DEPLOYMENT_TARGET = 13.0;
				LD_RUNPATH_SEARCH_PATHS = (
					"$(inherited)",
					"@executable_path/Frameworks",
				);
				MARKETING_VERSION = 1.0;
				PRODUCT_BUNDLE_IDENTIFIER = Demo.Zomate;
				PRODUCT_NAME = "$(TARGET_NAME)";
				SUPPORTED_PLATFORMS = "iphoneos iphonesimulator";
				SUPPORTS_MACCATALYST = NO;
				SUPPORTS_MAC_DESIGNED_FOR_IPHONE_IPAD = NO;
				SWIFT_EMIT_LOC_STRINGS = YES;
				SWIFT_VERSION = 5.0;
				TARGETED_DEVICE_FAMILY = 1;
			};
			name = Debug;
		};
		62290C2E2A669EF5003B3666 /* Release */ = {
			isa = XCBuildConfiguration;
			baseConfigurationReference = 7D98F7805D3B19ACDACA65DF /* Pods-Zomate.release.xcconfig */;
			buildSettings = {
				ASSETCATALOG_COMPILER_APPICON_NAME = AppIcon;
				ASSETCATALOG_COMPILER_GLOBAL_ACCENT_COLOR_NAME = AccentColor;
				CODE_SIGN_STYLE = Automatic;
				CURRENT_PROJECT_VERSION = 1;
				DEVELOPMENT_TEAM = 6RDRZ62R84;
				GENERATE_INFOPLIST_FILE = YES;
				INFOPLIST_FILE = Zomate/Info.plist;
				INFOPLIST_KEY_UIApplicationSupportsIndirectInputEvents = YES;
				INFOPLIST_KEY_UILaunchStoryboardName = LaunchScreen;
				INFOPLIST_KEY_UIMainStoryboardFile = Main;
				INFOPLIST_KEY_UISupportedInterfaceOrientations = UIInterfaceOrientationPortrait;
				INFOPLIST_KEY_UISupportedInterfaceOrientations_iPad = "UIInterfaceOrientationLandscapeLeft UIInterfaceOrientationLandscapeRight UIInterfaceOrientationPortrait UIInterfaceOrientationPortraitUpsideDown";
				IPHONEOS_DEPLOYMENT_TARGET = 13.0;
				LD_RUNPATH_SEARCH_PATHS = (
					"$(inherited)",
					"@executable_path/Frameworks",
				);
				MARKETING_VERSION = 1.0;
				PRODUCT_BUNDLE_IDENTIFIER = Demo.Zomate;
				PRODUCT_NAME = "$(TARGET_NAME)";
				SUPPORTED_PLATFORMS = "iphoneos iphonesimulator";
				SUPPORTS_MACCATALYST = NO;
				SUPPORTS_MAC_DESIGNED_FOR_IPHONE_IPAD = NO;
				SWIFT_EMIT_LOC_STRINGS = YES;
				SWIFT_VERSION = 5.0;
				TARGETED_DEVICE_FAMILY = 1;
			};
			name = Release;
		};
/* End XCBuildConfiguration section */

/* Begin XCConfigurationList section */
		62290C132A669EF3003B3666 /* Build configuration list for PBXProject "Zomate" */ = {
			isa = XCConfigurationList;
			buildConfigurations = (
				62290C2A2A669EF5003B3666 /* Debug */,
				62290C2B2A669EF5003B3666 /* Release */,
			);
			defaultConfigurationIsVisible = 0;
			defaultConfigurationName = Release;
		};
		62290C2C2A669EF5003B3666 /* Build configuration list for PBXNativeTarget "Zomate" */ = {
			isa = XCConfigurationList;
			buildConfigurations = (
				62290C2D2A669EF5003B3666 /* Debug */,
				62290C2E2A669EF5003B3666 /* Release */,
			);
			defaultConfigurationIsVisible = 0;
			defaultConfigurationName = Release;
		};
/* End XCConfigurationList section */
	};
	rootObject = 62290C102A669EF3003B3666 /* Project object */;
}
